
Microsoft Visual Studio Solution File, Format Version 12.00
# Visual Studio Version 16
VisualStudioVersion = 16.0.31911.196
MinimumVisualStudioVersion = 10.0.40219.1
Project("{FAE04EC0-301F-11D3-BF4B-00C04F79EFBC}") = "ClasesFacultad", "ClasesFacultad\ClasesFacultad.csproj", "{F6F4DD08-6B99-4469-8753-1DE50045F5B5}"
EndProject
Global
	GlobalSection(SolutionConfigurationPlatforms) = preSolution
		Debug|Any CPU = Debug|Any CPU
		Release|Any CPU = Release|Any CPU
	EndGlobalSection
	GlobalSection(ProjectConfigurationPlatforms) = postSolution
		{F6F4DD08-6B99-4469-8753-1DE50045F5B5}.Debug|Any CPU.ActiveCfg = Debug|Any CPU
		{F6F4DD08-6B99-4469-8753-1DE50045F5B5}.Debug|Any CPU.Build.0 = Debug|Any CPU
		{F6F4DD08-6B99-4469-8753-1DE50045F5B5}.Release|Any CPU.ActiveCfg = Release|Any CPU
		{F6F4DD08-6B99-4469-8753-1DE50045F5B5}.Release|Any CPU.Build.0 = Release|Any CPU
	EndGlobalSection
	GlobalSection(SolutionProperties) = preSolution
		HideSolutionNode = FALSE
	EndGlobalSection
	GlobalSection(ExtensibilityGlobals) = postSolution
		SolutionGuid = {8B314DEA-FC97-414F-AA79-336671282118}
	EndGlobalSection
EndGlobal
